// !$*UTF8*$!
{
	archiveVersion = 1;
	classes = {
	};
	objectVersion = 56;
	objects = {

/* Begin PBXBuildFile section */
		64F7D9652B14939F004A8BDF /* AppDelegate.swift in Sources */ = {isa = PBXBuildFile; fileRef = 64F7D9642B14939F004A8BDF /* AppDelegate.swift */; };
		64F7D9672B14939F004A8BDF /* SceneDelegate.swift in Sources */ = {isa = PBXBuildFile; fileRef = 64F7D9662B14939F004A8BDF /* SceneDelegate.swift */; };
		64F7D9692B14939F004A8BDF /* ViewController.swift in Sources */ = {isa = PBXBuildFile; fileRef = 64F7D9682B14939F004A8BDF /* ViewController.swift */; };
		64F7D96C2B14939F004A8BDF /* Main.storyboard in Resources */ = {isa = PBXBuildFile; fileRef = 64F7D96A2B14939F004A8BDF /* Main.storyboard */; };
		64F7D96E2B1493A2004A8BDF /* Assets.xcassets in Resources */ = {isa = PBXBuildFile; fileRef = 64F7D96D2B1493A2004A8BDF /* Assets.xcassets */; };
		64F7D9712B1493A2004A8BDF /* LaunchScreen.storyboard in Resources */ = {isa = PBXBuildFile; fileRef = 64F7D96F2B1493A2004A8BDF /* LaunchScreen.storyboard */; };
		64F7D9792B1498A1004A8BDF /* CollectionViewCell.swift in Sources */ = {isa = PBXBuildFile; fileRef = 64F7D9782B1498A1004A8BDF /* CollectionViewCell.swift */; };
		64F7D97B2B149957004A8BDF /* CollectionFlowLayout.swift in Sources */ = {isa = PBXBuildFile; fileRef = 64F7D97A2B149957004A8BDF /* CollectionFlowLayout.swift */; };
/* End PBXBuildFile section */

/* Begin PBXFileReference section */
		64F7D9612B14939F004A8BDF /* CaringCollection.app */ = {isa = PBXFileReference; explicitFileType = wrapper.application; includeInIndex = 0; path = CaringCollection.app; sourceTree = BUILT_PRODUCTS_DIR; };
		64F7D9642B14939F004A8BDF /* AppDelegate.swift */ = {isa = PBXFileReference; lastKnownFileType = sourcecode.swift; path = AppDelegate.swift; sourceTree = "<group>"; };
		64F7D9662B14939F004A8BDF /* SceneDelegate.swift */ = {isa = PBXFileReference; lastKnownFileType = sourcecode.swift; path = SceneDelegate.swift; sourceTree = "<group>"; };
		64F7D9682B14939F004A8BDF /* ViewController.swift */ = {isa = PBXFileReference; lastKnownFileType = sourcecode.swift; path = ViewController.swift; sourceTree = "<group>"; };
		64F7D96B2B14939F004A8BDF /* Base */ = {isa = PBXFileReference; lastKnownFileType = file.storyboard; name = Base; path = Base.lproj/Main.storyboard; sourceTree = "<group>"; };
		64F7D96D2B1493A2004A8BDF /* Assets.xcassets */ = {isa = PBXFileReference; lastKnownFileType = folder.assetcatalog; path = Assets.xcassets; sourceTree = "<group>"; };
		64F7D9702B1493A2004A8BDF /* Base */ = {isa = PBXFileReference; lastKnownFileType = file.storyboard; name = Base; path = Base.lproj/LaunchScreen.storyboard; sourceTree = "<group>"; };
		64F7D9722B1493A2004A8BDF /* Info.plist */ = {isa = PBXFileReference; lastKnownFileType = text.plist.xml; path = Info.plist; sourceTree = "<group>"; };
		64F7D9782B1498A1004A8BDF /* CollectionViewCell.swift */ = {isa = PBXFileReference; lastKnownFileType = sourcecode.swift; path = CollectionViewCell.swift; sourceTree = "<group>"; };
		64F7D97A2B149957004A8BDF /* CollectionFlowLayout.swift */ = {isa = PBXFileReference; lastKnownFileType = sourcecode.swift; path = CollectionFlowLayout.swift; sourceTree = "<group>"; };
/* End PBXFileReference section */

/* Begin PBXFrameworksBuildPhase section */
		64F7D95E2B14939F004A8BDF /* Frameworks */ = {
			isa = PBXFrameworksBuildPhase;
			buildActionMask = 2147483647;
			files = (
			);
			runOnlyForDeploymentPostprocessing = 0;
		};
/* End PBXFrameworksBuildPhase section */

/* Begin PBXGroup section */
		64F7D9582B14939F004A8BDF = {
			isa = PBXGroup;
			children = (
				64F7D9632B14939F004A8BDF /* CaringCollection */,
				64F7D9622B14939F004A8BDF /* Products */,
			);
			sourceTree = "<group>";
		};
		64F7D9622B14939F004A8BDF /* Products */ = {
			isa = PBXGroup;
			children = (
				64F7D9612B14939F004A8BDF /* CaringCollection.app */,
			);
			name = Products;
			sourceTree = "<group>";
		};
		64F7D9632B14939F004A8BDF /* CaringCollection */ = {
			isa = PBXGroup;
			children = (
				64F7D97A2B149957004A8BDF /* CollectionFlowLayout.swift */,
				64F7D9642B14939F004A8BDF /* AppDelegate.swift */,
				64F7D9662B14939F004A8BDF /* SceneDelegate.swift */,
				64F7D9682B14939F004A8BDF /* ViewController.swift */,
				64F7D9782B1498A1004A8BDF /* CollectionViewCell.swift */,
				64F7D96A2B14939F004A8BDF /* Main.storyboard */,
				64F7D96D2B1493A2004A8BDF /* Assets.xcassets */,
				64F7D96F2B1493A2004A8BDF /* LaunchScreen.storyboard */,
				64F7D9722B1493A2004A8BDF /* Info.plist */,
			);
			path = CaringCollection;
			sourceTree = "<group>";
		};
/* End PBXGroup section */

/* Begin PBXNativeTarget section */
		64F7D9602B14939F004A8BDF /* CaringCollection */ = {
			isa = PBXNativeTarget;
			buildConfigurationList = 64F7D9752B1493A2004A8BDF /* Build configuration list for PBXNativeTarget "CaringCollection" */;
			buildPhases = (
				64F7D95D2B14939F004A8BDF /* Sources */,
				64F7D95E2B14939F004A8BDF /* Frameworks */,
				64F7D95F2B14939F004A8BDF /* Resources */,
			);
			buildRules = (
			);
			dependencies = (
			);
			name = CaringCollection;
			productName = CaringCollection;
			productReference = 64F7D9612B14939F004A8BDF /* CaringCollection.app */;
			productType = "com.apple.product-type.application";
		};
/* End PBXNativeTarget section */

/* Begin PBXProject section */
		64F7D9592B14939F004A8BDF /* Project object */ = {
			isa = PBXProject;
			attributes = {
				BuildIndependentTargetsInParallel = 1;
				LastSwiftUpdateCheck = 1500;
				LastUpgradeCheck = 1500;
				TargetAttributes = {
					64F7D9602B14939F004A8BDF = {
						CreatedOnToolsVersion = 15.0;
					};
				};
			};
			buildConfigurationList = 64F7D95C2B14939F004A8BDF /* Build configuration list for PBXProject "CaringCollection" */;
			compatibilityVersion = "Xcode 14.0";
			developmentRegion = en;
			hasScannedForEncodings = 0;
			knownRegions = (
				en,
				Base,
			);
			mainGroup = 64F7D9582B14939F004A8BDF;
			productRefGroup = 64F7D9622B14939F004A8BDF /* Products */;
			projectDirPath = "";
			projectRoot = "";
			targets = (
				64F7D9602B14939F004A8BDF /* CaringCollection */,
			);
		};
/* End PBXProject section */

/* Begin PBXResourcesBuildPhase section */
		64F7D95F2B14939F004A8BDF /* Resources */ = {
			isa = PBXResourcesBuildPhase;
			buildActionMask = 2147483647;
			files = (
				64F7D9712B1493A2004A8BDF /* LaunchScreen.storyboard in Resources */,
				64F7D96E2B1493A2004A8BDF /* Assets.xcassets in Resources */,
				64F7D96C2B14939F004A8BDF /* Main.storyboard in Resources */,
			);
			runOnlyForDeploymentPostprocessing = 0;
		};
/* End PBXResourcesBuildPhase section */

/* Begin PBXSourcesBuildPhase section */
		64F7D95D2B14939F004A8BDF /* Sources */ = {
			isa = PBXSourcesBuildPhase;
			buildActionMask = 2147483647;
			files = (
				64F7D9692B14939F004A8BDF /* ViewController.swift in Sources */,
				64F7D9652B14939F004A8BDF /* AppDelegate.swift in Sources */,
				64F7D9792B1498A1004A8BDF /* CollectionViewCell.swift in Sources */,
				64F7D9672B14939F004A8BDF /* SceneDelegate.swift in Sources */,
				64F7D97B2B149957004A8BDF /* CollectionFlowLayout.swift in Sources */,
			);
			runOnlyForDeploymentPostprocessing = 0;
		};
/* End PBXSourcesBuildPhase section */

/* Begin PBXVariantGroup section */
		64F7D96A2B14939F004A8BDF /* Main.storyboard */ = {
			isa = PBXVariantGroup;
			children = (
				64F7D96B2B14939F004A8BDF /* Base */,
			);
			name = Main.storyboard;
			sourceTree = "<group>";
		};
		64F7D96F2B1493A2004A8BDF /* LaunchScreen.storyboard */ = {
			isa = PBXVariantGroup;
			children = (
				64F7D9702B1493A2004A8BDF /* Base */,
			);
			name = LaunchScreen.storyboard;
			sourceTree = "<group>";
		};
/* End PBXVariantGroup section */

/* Begin XCBuildConfiguration section */
		64F7D9732B1493A2004A8BDF /* Debug */ = {
			isa = XCBuildConfiguration;
			buildSettings = {
				ALWAYS_SEARCH_USER_PATHS = NO;
				ASSETCATALOG_COMPILER_GENERATE_SWIFT_ASSET_SYMBOL_EXTENSIONS = YES;
				CLANG_ANALYZER_NONNULL = YES;
				CLANG_ANALYZER_NUMBER_OBJECT_CONVERSION = YES_AGGRESSIVE;
				CLANG_CXX_LANGUAGE_STANDARD = "gnu++20";
				CLANG_ENABLE_MODULES = YES;
				CLANG_ENABLE_OBJC_ARC = YES;
				CLANG_ENABLE_OBJC_WEAK = YES;
				CLANG_WARN_BLOCK_CAPTURE_AUTORELEASING = YES;
				CLANG_WARN_BOOL_CONVERSION = YES;
				CLANG_WARN_COMMA = YES;
				CLANG_WARN_CONSTANT_CONVERSION = YES;
				CLANG_WARN_DEPRECATED_OBJC_IMPLEMENTATIONS = YES;
				CLANG_WARN_DIRECT_OBJC_ISA_USAGE = YES_ERROR;
				CLANG_WARN_DOCUMENTATION_COMMENTS = YES;
				CLANG_WARN_EMPTY_BODY = YES;
				CLANG_WARN_ENUM_CONVERSION = YES;
				CLANG_WARN_INFINITE_RECURSION = YES;
				CLANG_WARN_INT_CONVERSION = YES;
				CLANG_WARN_NON_LITERAL_NULL_CONVERSION = YES;
				CLANG_WARN_OBJC_IMPLICIT_RETAIN_SELF = YES;
				CLANG_WARN_OBJC_LITERAL_CONVERSION = YES;
				CLANG_WARN_OBJC_ROOT_CLASS = YES_ERROR;
				CLANG_WARN_QUOTED_INCLUDE_IN_FRAMEWORK_HEADER = YES;
				CLANG_WARN_RANGE_LOOP_ANALYSIS = YES;
				CLANG_WARN_STRICT_PROTOTYPES = YES;
				CLANG_WARN_SUSPICIOUS_MOVE = YES;
				CLANG_WARN_UNGUARDED_AVAILABILITY = YES_AGGRESSIVE;
				CLANG_WARN_UNREACHABLE_CODE = YES;
				CLANG_WARN__DUPLICATE_METHOD_MATCH = YES;
				COPY_PHASE_STRIP = NO;
				DEBUG_INFORMATION_FORMAT = dwarf;
				ENABLE_STRICT_OBJC_MSGSEND = YES;
				ENABLE_TESTABILITY = YES;
				ENABLE_USER_SCRIPT_SANDBOXING = YES;
				GCC_C_LANGUAGE_STANDARD = gnu17;
				GCC_DYNAMIC_NO_PIC = NO;
				GCC_NO_COMMON_BLOCKS = YES;
				GCC_OPTIMIZATION_LEVEL = 0;
				GCC_PREPROCESSOR_DEFINITIONS = (
					"DEBUG=1",
					"$(inherited)",
				);
				GCC_WARN_64_TO_32_BIT_CONVERSION = YES;
				GCC_WARN_ABOUT_RETURN_TYPE = YES_ERROR;
				GCC_WARN_UNDECLARED_SELECTOR = YES;
				GCC_WARN_UNINITIALIZED_AUTOS = YES_AGGRESSIVE;
				GCC_WARN_UNUSED_FUNCTION = YES;
				GCC_WARN_UNUSED_VARIABLE = YES;
				IPHONEOS_DEPLOYMENT_TARGET = 17.0;
				LOCALIZATION_PREFERS_STRING_CATALOGS = YES;
				MTL_ENABLE_DEBUG_INFO = INCLUDE_SOURCE;
				MTL_FAST_MATH = YES;
				ONLY_ACTIVE_ARCH = YES;
				SDKROOT = iphoneos;
				SWIFT_ACTIVE_COMPILATION_CONDITIONS = "DEBUG $(inherited)";
				SWIFT_OPTIMIZATION_LEVEL = "-Onone";
			};
			name = Debug;
		};
		64F7D9742B1493A2004A8BDF /* Release */ = {
			isa = XCBuildConfiguration;
			buildSettings = {
				ALWAYS_SEARCH_USER_PATHS = NO;
				ASSETCATALOG_COMPILER_GENERATE_SWIFT_ASSET_SYMBOL_EXTENSIONS = YES;
				CLANG_ANALYZER_NONNULL = YES;
				CLANG_ANALYZER_NUMBER_OBJECT_CONVERSION = YES_AGGRESSIVE;
				CLANG_CXX_LANGUAGE_STANDARD = "gnu++20";
				CLANG_ENABLE_MODULES = YES;
				CLANG_ENABLE_OBJC_ARC = YES;
				CLANG_ENABLE_OBJC_WEAK = YES;
				CLANG_WARN_BLOCK_CAPTURE_AUTORELEASING = YES;
				CLANG_WARN_BOOL_CONVERSION = YES;
				CLANG_WARN_COMMA = YES;
				CLANG_WARN_CONSTANT_CONVERSION = YES;
				CLANG_WARN_DEPRECATED_OBJC_IMPLEMENTATIONS = YES;
				CLANG_WARN_DIRECT_OBJC_ISA_USAGE = YES_ERROR;
				CLANG_WARN_DOCUMENTATION_COMMENTS = YES;
				CLANG_WARN_EMPTY_BODY = YES;
				CLANG_WARN_ENUM_CONVERSION = YES;
				CLANG_WARN_INFINITE_RECURSION = YES;
				CLANG_WARN_INT_CONVERSION = YES;
				CLANG_WARN_NON_LITERAL_NULL_CONVERSION = YES;
				CLANG_WARN_OBJC_IMPLICIT_RETAIN_SELF = YES;
				CLANG_WARN_OBJC_LITERAL_CONVERSION = YES;
				CLANG_WARN_OBJC_ROOT_CLASS = YES_ERROR;
				CLANG_WARN_QUOTED_INCLUDE_IN_FRAMEWORK_HEADER = YES;
				CLANG_WARN_RANGE_LOOP_ANALYSIS = YES;
				CLANG_WARN_STRICT_PROTOTYPES = YES;
				CLANG_WARN_SUSPICIOUS_MOVE = YES;
				CLANG_WARN_UNGUARDED_AVAILABILITY = YES_AGGRESSIVE;
				CLANG_WARN_UNREACHABLE_CODE = YES;
				CLANG_WARN__DUPLICATE_METHOD_MATCH = YES;
				COPY_PHASE_STRIP = NO;
				DEBUG_INFORMATION_FORMAT = "dwarf-with-dsym";
				ENABLE_NS_ASSERTIONS = NO;
				ENABLE_STRICT_OBJC_MSGSEND = YES;
				ENABLE_USER_SCRIPT_SANDBOXING = YES;
				GCC_C_LANGUAGE_STANDARD = gnu17;
				GCC_NO_COMMON_BLOCKS = YES;
				GCC_WARN_64_TO_32_BIT_CONVERSION = YES;
				GCC_WARN_ABOUT_RETURN_TYPE = YES_ERROR;
				GCC_WARN_UNDECLARED_SELECTOR = YES;
				GCC_WARN_UNINITIALIZED_AUTOS = YES_AGGRESSIVE;
				GCC_WARN_UNUSED_FUNCTION = YES;
				GCC_WARN_UNUSED_VARIABLE = YES;
				IPHONEOS_DEPLOYMENT_TARGET = 17.0;
				LOCALIZATION_PREFERS_STRING_CATALOGS = YES;
				MTL_ENABLE_DEBUG_INFO = NO;
				MTL_FAST_MATH = YES;
				SDKROOT = iphoneos;
				SWIFT_COMPILATION_MODE = wholemodule;
				VALIDATE_PRODUCT = YES;
			};
			name = Release;
		};
		64F7D9762B1493A2004A8BDF /* Debug */ = {
			isa = XCBuildConfiguration;
			buildSettings = {
				ASSETCATALOG_COMPILER_APPICON_NAME = AppIcon;
				ASSETCATALOG_COMPILER_GLOBAL_ACCENT_COLOR_NAME = AccentColor;
				CODE_SIGN_STYLE = Automatic;
				CURRENT_PROJECT_VERSION = 1;
				DEVELOPMENT_TEAM = UZRVQ48Y4T;
				GENERATE_INFOPLIST_FILE = YES;
				INFOPLIST_FILE = CaringCollection/Info.plist;
				INFOPLIST_KEY_UIApplicationSupportsIndirectInputEvents = YES;
				INFOPLIST_KEY_UILaunchStoryboardName = LaunchScreen;
				INFOPLIST_KEY_UIMainStoryboardFile = Main;
				INFOPLIST_KEY_UISupportedInterfaceOrientations_iPad = "UIInterfaceOrientationPortrait UIInterfaceOrientationPortraitUpsideDown UIInterfaceOrientationLandscapeLeft UIInterfaceOrientationLandscapeRight";
				INFOPLIST_KEY_UISupportedInterfaceOrientations_iPhone = "UIInterfaceOrientationPortrait UIInterfaceOrientationLandscapeLeft UIInterfaceOrientationLandscapeRight";
				LD_RUNPATH_SEARCH_PATHS = (
					"$(inherited)",
					"@executable_path/Frameworks",
				);
				MARKETING_VERSION = 1.0;
				PRODUCT_BUNDLE_IDENTIFIER = den.CaringCollection;
				PRODUCT_NAME = "$(TARGET_NAME)";
				SWIFT_EMIT_LOC_STRINGS = YES;
				SWIFT_VERSION = 5.0;
				TARGETED_DEVICE_FAMILY = "1,2";
			};
			name = Debug;
		};
		64F7D9772B1493A2004A8BDF /* Release */ = {
			isa = XCBuildConfiguration;
			buildSettings = {
				ASSETCATALOG_COMPILER_APPICON_NAME = AppIcon;
				ASSETCATALOG_COMPILER_GLOBAL_ACCENT_COLOR_NAME = AccentColor;
				CODE_SIGN_STYLE = Automatic;
				CURRENT_PROJECT_VERSION = 1;
				DEVELOPMENT_TEAM = UZRVQ48Y4T;
				GENERATE_INFOPLIST_FILE = YES;
				INFOPLIST_FILE = CaringCollection/Info.plist;
				INFOPLIST_KEY_UIApplicationSupportsIndirectInputEvents = YES;
				INFOPLIST_KEY_UILaunchStoryboardName = LaunchScreen;
				INFOPLIST_KEY_UIMainStoryboardFile = Main;
				INFOPLIST_KEY_UISupportedInterfaceOrientations_iPad = "UIInterfaceOrientationPortrait UIInterfaceOrientationPortraitUpsideDown UIInterfaceOrientationLandscapeLeft UIInterfaceOrientationLandscapeRight";
				INFOPLIST_KEY_UISupportedInterfaceOrientations_iPhone = "UIInterfaceOrientationPortrait UIInterfaceOrientationLandscapeLeft UIInterfaceOrientationLandscapeRight";
				LD_RUNPATH_SEARCH_PATHS = (
					"$(inherited)",
					"@executable_path/Frameworks",
				);
				MARKETING_VERSION = 1.0;
				PRODUCT_BUNDLE_IDENTIFIER = den.CaringCollection;
				PRODUCT_NAME = "$(TARGET_NAME)";
				SWIFT_EMIT_LOC_STRINGS = YES;
				SWIFT_VERSION = 5.0;
				TARGETED_DEVICE_FAMILY = "1,2";
			};
			name = Release;
		};
/* End XCBuildConfiguration section */

/* Begin XCConfigurationList section */
		64F7D95C2B14939F004A8BDF /* Build configuration list for PBXProject "CaringCollection" */ = {
			isa = XCConfigurationList;
			buildConfigurations = (
				64F7D9732B1493A2004A8BDF /* Debug */,
				64F7D9742B1493A2004A8BDF /* Release */,
			);
			defaultConfigurationIsVisible = 0;
			defaultConfigurationName = Release;
		};
		64F7D9752B1493A2004A8BDF /* Build configuration list for PBXNativeTarget "CaringCollection" */ = {
			isa = XCConfigurationList;
			buildConfigurations = (
				64F7D9762B1493A2004A8BDF /* Debug */,
				64F7D9772B1493A2004A8BDF /* Release */,
			);
			defaultConfigurationIsVisible = 0;
			defaultConfigurationName = Release;
		};
/* End XCConfigurationList section */
	};
	rootObject = 64F7D9592B14939F004A8BDF /* Project object */;
}
